
Microsoft Visual Studio Solution File, Format Version 12.00
# Visual Studio Version 16
VisualStudioVersion = 16.0.30804.86
MinimumVisualStudioVersion = 10.0.40219.1
Project("{FAE04EC0-301F-11D3-BF4B-00C04F79EFBC}") = "AsynchronousMultithread.TaskFormApp", "AsynchronousMultithread.TaskFormApp\AsynchronousMultithread.TaskFormApp.csproj", "{EBE8C543-8F85-4F1D-AF67-D5783B5FB829}"
EndProject
Global
	GlobalSection(SolutionConfigurationPlatforms) = preSolution
		Debug|Any CPU = Debug|Any CPU
		Release|Any CPU = Release|Any CPU
	EndGlobalSection
	GlobalSection(ProjectConfigurationPlatforms) = postSolution
		{EBE8C543-8F85-4F1D-AF67-D5783B5FB829}.Debug|Any CPU.ActiveCfg = Debug|Any CPU
		{EBE8C543-8F85-4F1D-AF67-D5783B5FB829}.Debug|Any CPU.Build.0 = Debug|Any CPU
		{EBE8C543-8F85-4F1D-AF67-D5783B5FB829}.Release|Any CPU.ActiveCfg = Release|Any CPU
		{EBE8C543-8F85-4F1D-AF67-D5783B5FB829}.Release|Any CPU.Build.0 = Release|Any CPU
	EndGlobalSection
	GlobalSection(SolutionProperties) = preSolution
		HideSolutionNode = FALSE
	EndGlobalSection
	GlobalSection(ExtensibilityGlobals) = postSolution
		SolutionGuid = {4D30F9EC-D665-468F-BDD1-3210877EC300}
	EndGlobalSection
EndGlobal
