
Microsoft Visual Studio Solution File, Format Version 12.00
# Visual Studio Version 16
VisualStudioVersion = 16.0.30804.86
MinimumVisualStudioVersion = 10.0.40219.1
Project("{FAE04EC0-301F-11D3-BF4B-00C04F79EFBC}") = "AsynchronousMultithread.TaskFormApp", "AsynchronousMultithread.TaskFormApp\AsynchronousMultithread.TaskFormApp.csproj", "{EBE8C543-8F85-4F1D-AF67-D5783B5FB829}"
EndProject
Project("{9A19103F-16F7-4668-BE54-9A1E7A4F7556}") = "AsynchronousMultithread.TaskWebAPI", "AsynchronousMultithread.TaskWebAPI\AsynchronousMultithread.TaskWebAPI.csproj", "{557BB89F-934F-44F0-A7B0-486F7F380E08}"
EndProject
Project("{9A19103F-16F7-4668-BE54-9A1E7A4F7556}") = "AsynchronousMultithread.TaskConsoleApp", "AsynchronousMultithread.TaskConsoleApp\AsynchronousMultithread.TaskConsoleApp.csproj", "{21EA7B38-E3C6-495D-BDA3-B31310A963E2}"
EndProject
Project("{FAE04EC0-301F-11D3-BF4B-00C04F79EFBC}") = "AsynchronousMultithread.PLINQConsoleApp", "AsynchronousMultithread.PLINQConsoleApp\AsynchronousMultithread.PLINQConsoleApp.csproj", "{9B1F98F9-C5C7-439D-9302-E0FEEA825C71}"
EndProject
Global
	GlobalSection(SolutionConfigurationPlatforms) = preSolution
		Debug|Any CPU = Debug|Any CPU
		Release|Any CPU = Release|Any CPU
	EndGlobalSection
	GlobalSection(ProjectConfigurationPlatforms) = postSolution
		{EBE8C543-8F85-4F1D-AF67-D5783B5FB829}.Debug|Any CPU.ActiveCfg = Debug|Any CPU
		{EBE8C543-8F85-4F1D-AF67-D5783B5FB829}.Debug|Any CPU.Build.0 = Debug|Any CPU
		{EBE8C543-8F85-4F1D-AF67-D5783B5FB829}.Release|Any CPU.ActiveCfg = Release|Any CPU
		{EBE8C543-8F85-4F1D-AF67-D5783B5FB829}.Release|Any CPU.Build.0 = Release|Any CPU
		{557BB89F-934F-44F0-A7B0-486F7F380E08}.Debug|Any CPU.ActiveCfg = Debug|Any CPU
		{557BB89F-934F-44F0-A7B0-486F7F380E08}.Debug|Any CPU.Build.0 = Debug|Any CPU
		{557BB89F-934F-44F0-A7B0-486F7F380E08}.Release|Any CPU.ActiveCfg = Release|Any CPU
		{557BB89F-934F-44F0-A7B0-486F7F380E08}.Release|Any CPU.Build.0 = Release|Any CPU
		{21EA7B38-E3C6-495D-BDA3-B31310A963E2}.Debug|Any CPU.ActiveCfg = Debug|Any CPU
		{21EA7B38-E3C6-495D-BDA3-B31310A963E2}.Debug|Any CPU.Build.0 = Debug|Any CPU
		{21EA7B38-E3C6-495D-BDA3-B31310A963E2}.Release|Any CPU.ActiveCfg = Release|Any CPU
		{21EA7B38-E3C6-495D-BDA3-B31310A963E2}.Release|Any CPU.Build.0 = Release|Any CPU
		{9B1F98F9-C5C7-439D-9302-E0FEEA825C71}.Debug|Any CPU.ActiveCfg = Debug|Any CPU
		{9B1F98F9-C5C7-439D-9302-E0FEEA825C71}.Debug|Any CPU.Build.0 = Debug|Any CPU
		{9B1F98F9-C5C7-439D-9302-E0FEEA825C71}.Release|Any CPU.ActiveCfg = Release|Any CPU
		{9B1F98F9-C5C7-439D-9302-E0FEEA825C71}.Release|Any CPU.Build.0 = Release|Any CPU
	EndGlobalSection
	GlobalSection(SolutionProperties) = preSolution
		HideSolutionNode = FALSE
	EndGlobalSection
	GlobalSection(ExtensibilityGlobals) = postSolution
		SolutionGuid = {4D30F9EC-D665-468F-BDD1-3210877EC300}
	EndGlobalSection
EndGlobal
